
Microsoft Visual Studio Solution File, Format Version 12.00
# Visual Studio Version 17
VisualStudioVersion = 17.8.34525.116
MinimumVisualStudioVersion = 10.0.40219.1
Project("{FAE04EC0-301F-11D3-BF4B-00C04F79EFBC}") = "Karavan", "Karavan.csproj", "{AB183E3B-D05F-4CE3-95AC-8285C5CFAFC9}"
EndProject
Global
	GlobalSection(SolutionConfigurationPlatforms) = preSolution
		Debug|Any CPU = Debug|Any CPU
		Release|Any CPU = Release|Any CPU
	EndGlobalSection
	GlobalSection(ProjectConfigurationPlatforms) = postSolution
		{AB183E3B-D05F-4CE3-95AC-8285C5CFAFC9}.Debug|Any CPU.ActiveCfg = Debug|Any CPU
		{AB183E3B-D05F-4CE3-95AC-8285C5CFAFC9}.Debug|Any CPU.Build.0 = Debug|Any CPU
		{AB183E3B-D05F-4CE3-95AC-8285C5CFAFC9}.Release|Any CPU.ActiveCfg = Release|Any CPU
		{AB183E3B-D05F-4CE3-95AC-8285C5CFAFC9}.Release|Any CPU.Build.0 = Release|Any CPU
	EndGlobalSection
	GlobalSection(SolutionProperties) = preSolution
		HideSolutionNode = FALSE
	EndGlobalSection
	GlobalSection(ExtensibilityGlobals) = postSolution
		SolutionGuid = {90802540-0A1F-4027-A06D-C0C59E73C7E6}
	EndGlobalSection
EndGlobal
